// !$*UTF8*$!
{
	archiveVersion = 1;
	classes = {
	};
	objectVersion = 56;
	objects = {

/* Begin PBXBuildFile section */
		B00000000000000000000001 /* Curriculum.swift in Sources */ = {isa = PBXBuildFile; fileRef = B00000000000000000000002 /* Curriculum.swift */; };
		B00000000000000000000003 /* Conversation.swift in Sources */ = {isa = PBXBuildFile; fileRef = B00000000000000000000004 /* Conversation.swift */; };
		B00000000000000000000005 /* Language.swift in Sources */ = {isa = PBXBuildFile; fileRef = B00000000000000000000006 /* Language.swift */; };
		B00000000000000000000007 /* KeychainService.swift in Sources */ = {isa = PBXBuildFile; fileRef = B00000000000000000000008 /* KeychainService.swift */; };
		B00000000000000000000009 /* OpenAIService.swift in Sources */ = {isa = PBXBuildFile; fileRef = B00000000000000000000010 /* OpenAIService.swift */; };
		B00000000000000000000011 /* SettingsStore.swift in Sources */ = {isa = PBXBuildFile; fileRef = B00000000000000000000012 /* SettingsStore.swift */; };
		B00000000000000000000013 /* SpeechRecognitionService.swift in Sources */ = {isa = PBXBuildFile; fileRef = B00000000000000000000014 /* SpeechRecognitionService.swift */; };
		B00000000000000000000015 /* SpeechSynthesisService.swift in Sources */ = {isa = PBXBuildFile; fileRef = B00000000000000000000016 /* SpeechSynthesisService.swift */; };
		B00000000000000000000017 /* SpeakFlowApp.swift in Sources */ = {isa = PBXBuildFile; fileRef = B00000000000000000000018 /* SpeakFlowApp.swift */; };
		B00000000000000000000019 /* Theme.swift in Sources */ = {isa = PBXBuildFile; fileRef = B00000000000000000000020 /* Theme.swift */; };
		B00000000000000000000021 /* ConversationController.swift in Sources */ = {isa = PBXBuildFile; fileRef = B00000000000000000000022 /* ConversationController.swift */; };
		B00000000000000000000023 /* CallView.swift in Sources */ = {isa = PBXBuildFile; fileRef = B00000000000000000000024 /* CallView.swift */; };
		B00000000000000000000025 /* LearnView.swift in Sources */ = {isa = PBXBuildFile; fileRef = B00000000000000000000026 /* LearnView.swift */; };
		B00000000000000000000027 /* ProfileView.swift in Sources */ = {isa = PBXBuildFile; fileRef = B00000000000000000000028 /* ProfileView.swift */; };
		B00000000000000000000029 /* TextView.swift in Sources */ = {isa = PBXBuildFile; fileRef = B00000000000000000000030 /* TextView.swift */; };
		B00000000000000000000031 /* WelcomeView.swift in Sources */ = {isa = PBXBuildFile; fileRef = B00000000000000000000032 /* WelcomeView.swift */; };
		B00000000000000000000033 /* Assets.xcassets in Resources */ = {isa = PBXBuildFile; fileRef = B00000000000000000000034 /* Assets.xcassets */; };
/* End PBXBuildFile section */

/* Begin PBXFileReference section */
		B00000000000000000000002 /* Curriculum.swift */ = {isa = PBXFileReference; lastKnownFileType = sourcecode.swift; path = Curriculum.swift; sourceTree = "<group>"; };
		B00000000000000000000004 /* Conversation.swift */ = {isa = PBXFileReference; lastKnownFileType = sourcecode.swift; path = Conversation.swift; sourceTree = "<group>"; };
		B00000000000000000000006 /* Language.swift */ = {isa = PBXFileReference; lastKnownFileType = sourcecode.swift; path = Language.swift; sourceTree = "<group>"; };
		B00000000000000000000008 /* KeychainService.swift */ = {isa = PBXFileReference; lastKnownFileType = sourcecode.swift; path = KeychainService.swift; sourceTree = "<group>"; };
		B00000000000000000000010 /* OpenAIService.swift */ = {isa = PBXFileReference; lastKnownFileType = sourcecode.swift; path = OpenAIService.swift; sourceTree = "<group>"; };
		B00000000000000000000012 /* SettingsStore.swift */ = {isa = PBXFileReference; lastKnownFileType = sourcecode.swift; path = SettingsStore.swift; sourceTree = "<group>"; };
		B00000000000000000000014 /* SpeechRecognitionService.swift */ = {isa = PBXFileReference; lastKnownFileType = sourcecode.swift; path = SpeechRecognitionService.swift; sourceTree = "<group>"; };
		B00000000000000000000016 /* SpeechSynthesisService.swift */ = {isa = PBXFileReference; lastKnownFileType = sourcecode.swift; path = SpeechSynthesisService.swift; sourceTree = "<group>"; };
		B00000000000000000000018 /* SpeakFlowApp.swift */ = {isa = PBXFileReference; lastKnownFileType = sourcecode.swift; path = SpeakFlowApp.swift; sourceTree = "<group>"; };
		B00000000000000000000020 /* Theme.swift */ = {isa = PBXFileReference; lastKnownFileType = sourcecode.swift; path = Theme.swift; sourceTree = "<group>"; };
		B00000000000000000000022 /* ConversationController.swift */ = {isa = PBXFileReference; lastKnownFileType = sourcecode.swift; path = ConversationController.swift; sourceTree = "<group>"; };
		B00000000000000000000024 /* CallView.swift */ = {isa = PBXFileReference; lastKnownFileType = sourcecode.swift; path = CallView.swift; sourceTree = "<group>"; };
		B00000000000000000000026 /* LearnView.swift */ = {isa = PBXFileReference; lastKnownFileType = sourcecode.swift; path = LearnView.swift; sourceTree = "<group>"; };
		B00000000000000000000028 /* ProfileView.swift */ = {isa = PBXFileReference; lastKnownFileType = sourcecode.swift; path = ProfileView.swift; sourceTree = "<group>"; };
		B00000000000000000000030 /* TextView.swift */ = {isa = PBXFileReference; lastKnownFileType = sourcecode.swift; path = TextView.swift; sourceTree = "<group>"; };
		B00000000000000000000032 /* WelcomeView.swift */ = {isa = PBXFileReference; lastKnownFileType = sourcecode.swift; path = WelcomeView.swift; sourceTree = "<group>"; };
		B00000000000000000000034 /* Assets.xcassets */ = {isa = PBXFileReference; lastKnownFileType = folder.assetcatalog; path = Assets.xcassets; sourceTree = "<group>"; };
		B00000000000000000000035 /* Info.plist */ = {isa = PBXFileReference; lastKnownFileType = text.plist.xml; path = Info.plist; sourceTree = "<group>"; };
		B00000000000000000000036 /* SpeakFlow.app */ = {isa = PBXFileReference; explicitFileType = wrapper.application; includeInIndex = 0; path = SpeakFlow.app; sourceTree = BUILT_PRODUCTS_DIR; };
/* End PBXFileReference section */

/* Begin PBXFrameworksBuildPhase section */
		B00000000000000000003004 /* Frameworks */ = {
			isa = PBXFrameworksBuildPhase;
			buildActionMask = 2147483647;
			files = (
			);
			runOnlyForDeploymentPostprocessing = 0;
		};
/* End PBXFrameworksBuildPhase section */

/* Begin PBXGroup section */
		B00000000000000000003001 = {
			isa = PBXGroup;
			children = (
				B00000000000000000003003 /* SpeakFlow */,
				B00000000000000000003002 /* Products */,
			);
			sourceTree = "<group>";
		};
		B00000000000000000003002 /* Products */ = {
			isa = PBXGroup;
			children = (
				B00000000000000000000036 /* SpeakFlow.app */,
			);
			name = Products;
			sourceTree = "<group>";
		};
		B00000000000000000003003 /* SpeakFlow */ = {
			isa = PBXGroup;
			children = (
				B00000000000000000000018 /* SpeakFlowApp.swift */,
				B00000000000000000003101 /* Theme */,
				B00000000000000000003102 /* Models */,
				B00000000000000000003106 /* Learn */,
				B00000000000000000003103 /* Services */,
				B00000000000000000003104 /* ViewModels */,
				B00000000000000000003105 /* Views */,
				B00000000000000000000034 /* Assets.xcassets */,
				B00000000000000000000035 /* Info.plist */,
			);
			path = SpeakFlow;
			sourceTree = "<group>";
		};
		B00000000000000000003101 /* Theme */ = {
			isa = PBXGroup;
			children = (
				B00000000000000000000020 /* Theme.swift */,
			);
			path = Theme;
			sourceTree = "<group>";
		};
		B00000000000000000003102 /* Models */ = {
			isa = PBXGroup;
			children = (
				B00000000000000000000004 /* Conversation.swift */,
				B00000000000000000000006 /* Language.swift */,
			);
			path = Models;
			sourceTree = "<group>";
		};
		B00000000000000000003106 /* Learn */ = {
			isa = PBXGroup;
			children = (
				B00000000000000000000002 /* Curriculum.swift */,
			);
			path = Learn;
			sourceTree = "<group>";
		};
		B00000000000000000003103 /* Services */ = {
			isa = PBXGroup;
			children = (
				B00000000000000000000008 /* KeychainService.swift */,
				B00000000000000000000010 /* OpenAIService.swift */,
				B00000000000000000000012 /* SettingsStore.swift */,
				B00000000000000000000014 /* SpeechRecognitionService.swift */,
				B00000000000000000000016 /* SpeechSynthesisService.swift */,
			);
			path = Services;
			sourceTree = "<group>";
		};
		B00000000000000000003104 /* ViewModels */ = {
			isa = PBXGroup;
			children = (
				B00000000000000000000022 /* ConversationController.swift */,
			);
			path = ViewModels;
			sourceTree = "<group>";
		};
		B00000000000000000003105 /* Views */ = {
			isa = PBXGroup;
			children = (
				B00000000000000000000024 /* CallView.swift */,
				B00000000000000000000026 /* LearnView.swift */,
				B00000000000000000000028 /* ProfileView.swift */,
				B00000000000000000000030 /* TextView.swift */,
				B00000000000000000000032 /* WelcomeView.swift */,
			);
			path = Views;
			sourceTree = "<group>";
		};
/* End PBXGroup section */

/* Begin PBXNativeTarget section */
		B00000000000000000003005 /* SpeakFlow */ = {
			isa = PBXNativeTarget;
			buildConfigurationList = B00000000000000000003010 /* Build configuration list for PBXNativeTarget "SpeakFlow" */;
			buildPhases = (
				B00000000000000000003008 /* Sources */,
				B00000000000000000003004 /* Frameworks */,
				B00000000000000000003007 /* Resources */,
			);
			buildRules = (
			);
			dependencies = (
			);
			name = SpeakFlow;
			productName = SpeakFlow;
			productReference = B00000000000000000000036 /* SpeakFlow.app */;
			productType = "com.apple.product-type.application";
		};
/* End PBXNativeTarget section */

/* Begin PBXProject section */
		B00000000000000000003006 /* Project object */ = {
			isa = PBXProject;
			attributes = {
				BuildIndependentTargetsInParallel = 1;
				LastSwiftUpdateCheck = 1500;
				LastUpgradeCheck = 1500;
				TargetAttributes = {
					B00000000000000000003005 = {
						CreatedOnToolsVersion = 15.0;
					};
				};
			};
			buildConfigurationList = B00000000000000000003009 /* Build configuration list for PBXProject "SpeakFlow" */;
			compatibilityVersion = "Xcode 14.0";
			developmentRegion = en;
			hasScannedForEncodings = 0;
			knownRegions = (
				en,
				Base,
			);
			mainGroup = B00000000000000000003001;
			productRefGroup = B00000000000000000003002 /* Products */;
			projectDirPath = "";
			projectRoot = "";
			targets = (
				B00000000000000000003005 /* SpeakFlow */,
			);
		};
/* End PBXProject section */

/* Begin PBXResourcesBuildPhase section */
		B00000000000000000003007 /* Resources */ = {
			isa = PBXResourcesBuildPhase;
			buildActionMask = 2147483647;
			files = (
				B00000000000000000000033 /* Assets.xcassets in Resources */,
			);
			runOnlyForDeploymentPostprocessing = 0;
		};
/* End PBXResourcesBuildPhase section */

/* Begin PBXSourcesBuildPhase section */
		B00000000000000000003008 /* Sources */ = {
			isa = PBXSourcesBuildPhase;
			buildActionMask = 2147483647;
			files = (
				B00000000000000000000001 /* Curriculum.swift in Sources */,
				B00000000000000000000003 /* Conversation.swift in Sources */,
				B00000000000000000000005 /* Language.swift in Sources */,
				B00000000000000000000007 /* KeychainService.swift in Sources */,
				B00000000000000000000009 /* OpenAIService.swift in Sources */,
				B00000000000000000000011 /* SettingsStore.swift in Sources */,
				B00000000000000000000013 /* SpeechRecognitionService.swift in Sources */,
				B00000000000000000000015 /* SpeechSynthesisService.swift in Sources */,
				B00000000000000000000017 /* SpeakFlowApp.swift in Sources */,
				B00000000000000000000019 /* Theme.swift in Sources */,
				B00000000000000000000021 /* ConversationController.swift in Sources */,
				B00000000000000000000023 /* CallView.swift in Sources */,
				B00000000000000000000025 /* LearnView.swift in Sources */,
				B00000000000000000000027 /* ProfileView.swift in Sources */,
				B00000000000000000000029 /* TextView.swift in Sources */,
				B00000000000000000000031 /* WelcomeView.swift in Sources */,
			);
			runOnlyForDeploymentPostprocessing = 0;
		};
/* End PBXSourcesBuildPhase section */

/* Begin XCBuildConfiguration section */
		B00000000000000000003011 /* Debug */ = {
			isa = XCBuildConfiguration;
			buildSettings = {
				ALWAYS_SEARCH_USER_PATHS = NO;
				CLANG_ENABLE_MODULES = YES;
				DEBUG_INFORMATION_FORMAT = dwarf;
				ENABLE_TESTABILITY = YES;
				GCC_OPTIMIZATION_LEVEL = 0;
				IPHONEOS_DEPLOYMENT_TARGET = 17.0;
				ONLY_ACTIVE_ARCH = YES;
				SDKROOT = iphoneos;
				SWIFT_ACTIVE_COMPILATION_CONDITIONS = DEBUG;
				SWIFT_OPTIMIZATION_LEVEL = "-Onone";
			};
			name = Debug;
		};
		B00000000000000000003012 /* Release */ = {
			isa = XCBuildConfiguration;
			buildSettings = {
				ALWAYS_SEARCH_USER_PATHS = NO;
				CLANG_ENABLE_MODULES = YES;
				DEBUG_INFORMATION_FORMAT = "dwarf-with-dsym";
				IPHONEOS_DEPLOYMENT_TARGET = 17.0;
				SDKROOT = iphoneos;
				SWIFT_COMPILATION_MODE = wholemodule;
				VALIDATE_PRODUCT = YES;
			};
			name = Release;
		};
		B00000000000000000003013 /* Debug */ = {
			isa = XCBuildConfiguration;
			buildSettings = {
				ASSETCATALOG_COMPILER_APPICON_NAME = AppIcon;
				ASSETCATALOG_COMPILER_GLOBAL_ACCENT_COLOR_NAME = AccentColor;
				CODE_SIGN_STYLE = Automatic;
				CURRENT_PROJECT_VERSION = 2;
				DEVELOPMENT_TEAM = SPDTT4AL46;
				GENERATE_INFOPLIST_FILE = NO;
				INFOPLIST_FILE = SpeakFlow/Info.plist;
				LD_RUNPATH_SEARCH_PATHS = (
					"$(inherited)",
					"@executable_path/Frameworks",
				);
				MARKETING_VERSION = 2.0;
				PRODUCT_BUNDLE_IDENTIFIER = com.alexishirsch.SpeakFlow;
				PRODUCT_NAME = "$(TARGET_NAME)";
				SUPPORTED_PLATFORMS = "iphoneos iphonesimulator";
				SWIFT_VERSION = 5.0;
				TARGETED_DEVICE_FAMILY = "1,2";
			};
			name = Debug;
		};
		B00000000000000000003014 /* Release */ = {
			isa = XCBuildConfiguration;
			buildSettings = {
				ASSETCATALOG_COMPILER_APPICON_NAME = AppIcon;
				ASSETCATALOG_COMPILER_GLOBAL_ACCENT_COLOR_NAME = AccentColor;
				CODE_SIGN_STYLE = Automatic;
				CURRENT_PROJECT_VERSION = 2;
				DEVELOPMENT_TEAM = SPDTT4AL46;
				GENERATE_INFOPLIST_FILE = NO;
				INFOPLIST_FILE = SpeakFlow/Info.plist;
				LD_RUNPATH_SEARCH_PATHS = (
					"$(inherited)",
					"@executable_path/Frameworks",
				);
				MARKETING_VERSION = 2.0;
				PRODUCT_BUNDLE_IDENTIFIER = com.alexishirsch.SpeakFlow;
				PRODUCT_NAME = "$(TARGET_NAME)";
				SUPPORTED_PLATFORMS = "iphoneos iphonesimulator";
				SWIFT_VERSION = 5.0;
				TARGETED_DEVICE_FAMILY = "1,2";
			};
			name = Release;
		};
/* End XCBuildConfiguration section */

/* Begin XCConfigurationList section */
		B00000000000000000003009 /* Build configuration list for PBXProject "SpeakFlow" */ = {
			isa = XCConfigurationList;
			buildConfigurations = (
				B00000000000000000003011 /* Debug */,
				B00000000000000000003012 /* Release */,
			);
			defaultConfigurationIsVisible = 0;
			defaultConfigurationName = Release;
		};
		B00000000000000000003010 /* Build configuration list for PBXNativeTarget "SpeakFlow" */ = {
			isa = XCConfigurationList;
			buildConfigurations = (
				B00000000000000000003013 /* Debug */,
				B00000000000000000003014 /* Release */,
			);
			defaultConfigurationIsVisible = 0;
			defaultConfigurationName = Release;
		};
/* End XCConfigurationList section */
	};
	rootObject = B00000000000000000003006 /* Project object */;
}
