// !$*UTF8*$!
{
	archiveVersion = 1;
	classes = {
	};
	objectVersion = 77;
	objects = {

/* Begin PBXBuildFile section */
		0B58D26883F30B10D4352217 /* seed_data.json in Resources */ = {isa = PBXBuildFile; fileRef = A286433737770F501590882F /* seed_data.json */; };
		A1C2D3E4F5061728394A5B6C /* Assets.xcassets in Resources */ = {isa = PBXBuildFile; fileRef = B2D3E4F5061728394A5B6C7D /* Assets.xcassets */; };
		1B900367E8F16631978B210B /* ContentView.swift in Sources */ = {isa = PBXBuildFile; fileRef = FDF199F746A50225E095F90A /* ContentView.swift */; };
		20210B7736BF59A2B80BC25B /* Theme.swift in Sources */ = {isa = PBXBuildFile; fileRef = BFE6A3F160FDFB0A4D9A1C9C /* Theme.swift */; };
		36213467843795F1B9D3C50E /* LocalBackendService.swift in Sources */ = {isa = PBXBuildFile; fileRef = FC147388B2C51BF6FE2BC85A /* LocalBackendService.swift */; };
		47708D5EAB07F9FD8EF53BCF /* AppViewModel.swift in Sources */ = {isa = PBXBuildFile; fileRef = A7EEC126A5992F85498AC572 /* AppViewModel.swift */; };
		C9E64452F593A5E65C0038BE /* AuthFlowView.swift in Sources */ = {isa = PBXBuildFile; fileRef = 48660899B49583F7CBCA5515 /* AuthFlowView.swift */; };
		F5504C2BA4EAFD4F22DA571E /* TodayView.swift in Sources */ = {isa = PBXBuildFile; fileRef = 30A315A13B219DC4DC53B71E /* TodayView.swift */; };
		N3TWORK5HEET000000000001 /* NetworkSheet.swift in Sources */ = {isa = PBXBuildFile; fileRef = N3TWORK5HEET000000000002 /* NetworkSheet.swift */; };
		N0TIF1CAT10N000000000001 /* NotificationsSheet.swift in Sources */ = {isa = PBXBuildFile; fileRef = N0TIF1CAT10N000000000002 /* NotificationsSheet.swift */; };
		C0URSEL00KUP000000000001 /* CourseLookupSheet.swift in Sources */ = {isa = PBXBuildFile; fileRef = C0URSEL00KUP000000000002 /* CourseLookupSheet.swift */; };
		CLASFR1END5HEET000000001 /* ClassFriendsSheet.swift in Sources */ = {isa = PBXBuildFile; fileRef = CLASFR1END5HEET000000002 /* ClassFriendsSheet.swift */; };
		2B3C4D5E6F708192A3B4C5D /* FriendSettingsSheet.swift in Sources */ = {isa = PBXBuildFile; fileRef = 3C4D5E6F708192A3B4C5D6E /* FriendSettingsSheet.swift */; };
		E7F8091A2B3C4D5E6F70819 /* InfoTipButton.swift in Sources */ = {isa = PBXBuildFile; fileRef = F8091A2B3C4D5E6F708192A /* InfoTipButton.swift */; };
		A1B2C3D4E5F60718293A4B5C /* ScheduleEngine.swift in Sources */ = {isa = PBXBuildFile; fileRef = B2C3D4E5F60718293A4B5C6D /* ScheduleEngine.swift */; };
		T0DAYPR3S3NT3R0000000001 /* TodayPresenter.swift in Sources */ = {isa = PBXBuildFile; fileRef = T0DAYPR3S3NT3R0000000002 /* TodayPresenter.swift */; };
		C4MPUSM0D3LS00000000001 /* CampusModels.swift in Sources */ = {isa = PBXBuildFile; fileRef = C4MPUSM0D3LS00000000002 /* CampusModels.swift */; };
		3V3NTSBU1LD3R0000000001 /* EventsBuilder.swift in Sources */ = {isa = PBXBuildFile; fileRef = 3V3NTSBU1LD3R0000000002 /* EventsBuilder.swift */; };
		4CT1V1TYM0D3B0000000001 /* ActivityModeBar.swift in Sources */ = {isa = PBXBuildFile; fileRef = 4CT1V1TYM0D3B0000000002 /* ActivityModeBar.swift */; };
		3V3NT5SH33T00000000001 /* EventsSheet.swift in Sources */ = {isa = PBXBuildFile; fileRef = 3V3NT5SH33T00000000002 /* EventsSheet.swift */; };
		3V3NTD3T41L00000000001 /* EventDetailSheet.swift in Sources */ = {isa = PBXBuildFile; fileRef = 3V3NTD3T41L00000000002 /* EventDetailSheet.swift */; };
		1NT3R3ST0NB00000000001 /* InterestsOnboardingView.swift in Sources */ = {isa = PBXBuildFile; fileRef = 1NT3R3ST0NB00000000002 /* InterestsOnboardingView.swift */; };
		C0NS3NTV13W000000000001 /* ConsentView.swift in Sources */ = {isa = PBXBuildFile; fileRef = C0NS3NTV13W000000000002 /* ConsentView.swift */; };
		C0URSH4SHS3RV1C000000001 /* CourseHashService.swift in Sources */ = {isa = PBXBuildFile; fileRef = C0URSH4SHS3RV1C000000002 /* CourseHashService.swift */; };
		B3TW33N735TB001 /* BackendLogicTests.swift in Sources */ = {isa = PBXBuildFile; fileRef = B3TW33N735TF001 /* BackendLogicTests.swift */; };
		B3TW33N735TB002 /* SeedIntegrityTests.swift in Sources */ = {isa = PBXBuildFile; fileRef = B3TW33N735TF002 /* SeedIntegrityTests.swift */; };
		B3TW33N735TB003 /* LocalBackendServiceTests.swift in Sources */ = {isa = PBXBuildFile; fileRef = B3TW33N735TF003 /* LocalBackendServiceTests.swift */; };
		B3TW33N735TB004 /* TestFixtures.swift in Sources */ = {isa = PBXBuildFile; fileRef = B3TW33N735TF004 /* TestFixtures.swift */; };
		B9127AFB0729CFFBFADF82E2 /* Models.swift in Sources */ = {isa = PBXBuildFile; fileRef = CCCE475D181E553671608741 /* Models.swift */; };
		4D5E6F708192A3B4C5D6E7F /* FriendPreferencesStore.swift in Sources */ = {isa = PBXBuildFile; fileRef = 5E6F708192A3B4C5D6E7F80 /* FriendPreferencesStore.swift */; };
		6F708192A3B4C5D6E7F8091 /* BetweenBackendServicing.swift in Sources */ = {isa = PBXBuildFile; fileRef = 708192A3B4C5D6E7F8091A2 /* BetweenBackendServicing.swift */; };
		8192A3B4C5D6E7F8091A2B3 /* BackendConfiguration.swift in Sources */ = {isa = PBXBuildFile; fileRef = 92A3B4C5D6E7F8091A2B3C4 /* BackendConfiguration.swift */; };
		A3B4C5D6E7F8091A2B3C4D5 /* BackendServiceFactory.swift in Sources */ = {isa = PBXBuildFile; fileRef = B4C5D6E7F8091A2B3C4D5E6 /* BackendServiceFactory.swift */; };
		C5D6E7F8091A2B3C4D5E6F70 /* BetweenAPIClient.swift in Sources */ = {isa = PBXBuildFile; fileRef = D6E7F8091A2B3C4D5E6F7081 /* BetweenAPIClient.swift */; };
		F8091A2B3C4D5E6F708192C /* DashboardBuilder.swift in Sources */ = {isa = PBXBuildFile; fileRef = F8091A2B3C4D5E6F708192B /* DashboardBuilder.swift */; };
		091A2B3C4D5E6F708192A3B /* SeedDataLoader.swift in Sources */ = {isa = PBXBuildFile; fileRef = 1A2B3C4D5E6F708192A3B4D /* SeedDataLoader.swift */; };
		2A3B4C5D6E7F8091A2B3C4E /* RemoteBackendService.swift in Sources */ = {isa = PBXBuildFile; fileRef = 3B4C5D6E7F8091A2B3C4D5F /* RemoteBackendService.swift */; };
		HOMEBRDCMPB001 /* HomeBoardComponents.swift in Sources */ = {isa = PBXBuildFile; fileRef = HOMEBRDCMPF001 /* HomeBoardComponents.swift */; };
		OVRLPTMLB001 /* OverlapTimelineModel.swift in Sources */ = {isa = PBXBuildFile; fileRef = OVRLPTMLF001 /* OverlapTimelineModel.swift */; };
		DAYOVRBRDB001 /* DayOverlapBoardView.swift in Sources */ = {isa = PBXBuildFile; fileRef = DAYOVRBRDF001 /* DayOverlapBoardView.swift */; };
		SCHEDPATTERNB001 /* SchedulePattern.swift in Sources */ = {isa = PBXBuildFile; fileRef = SCHEDPATTERNF001 /* SchedulePattern.swift */; };
		INTTESTB001 /* IntegrationTests.swift in Sources */ = {isa = PBXBuildFile; fileRef = INTTESTF001 /* IntegrationTests.swift */; };
		CE64052987978BED734ADDDC /* BetweenApp.swift in Sources */ = {isa = PBXBuildFile; fileRef = 5A2D1926CA26D82F91AE16B6 /* BetweenApp.swift */; };
/* End PBXBuildFile section */

/* Begin PBXFileReference section */
		30A315A13B219DC4DC53B71E /* TodayView.swift */ = {isa = PBXFileReference; lastKnownFileType = sourcecode.swift; path = TodayView.swift; sourceTree = "<group>"; };
		48660899B49583F7CBCA5515 /* AuthFlowView.swift */ = {isa = PBXFileReference; lastKnownFileType = sourcecode.swift; path = AuthFlowView.swift; sourceTree = "<group>"; };
		N3TWORK5HEET000000000002 /* NetworkSheet.swift */ = {isa = PBXFileReference; lastKnownFileType = sourcecode.swift; path = NetworkSheet.swift; sourceTree = "<group>"; };
		N0TIF1CAT10N000000000002 /* NotificationsSheet.swift */ = {isa = PBXFileReference; lastKnownFileType = sourcecode.swift; path = NotificationsSheet.swift; sourceTree = "<group>"; };
		C0URSEL00KUP000000000002 /* CourseLookupSheet.swift */ = {isa = PBXFileReference; lastKnownFileType = sourcecode.swift; path = CourseLookupSheet.swift; sourceTree = "<group>"; };
		CLASFR1END5HEET000000002 /* ClassFriendsSheet.swift */ = {isa = PBXFileReference; lastKnownFileType = sourcecode.swift; path = ClassFriendsSheet.swift; sourceTree = "<group>"; };
		5A2D1926CA26D82F91AE16B6 /* BetweenApp.swift */ = {isa = PBXFileReference; lastKnownFileType = sourcecode.swift; path = BetweenApp.swift; sourceTree = "<group>"; };
		5D949A1803F9BC9CC8CD7859 /* Between.app */ = {isa = PBXFileReference; includeInIndex = 0; lastKnownFileType = wrapper.application; path = Between.app; sourceTree = BUILT_PRODUCTS_DIR; };
		A286433737770F501590882F /* seed_data.json */ = {isa = PBXFileReference; lastKnownFileType = text.json; path = seed_data.json; sourceTree = "<group>"; };
		B2D3E4F5061728394A5B6C7D /* Assets.xcassets */ = {isa = PBXFileReference; lastKnownFileType = folder.assetcatalog; path = Assets.xcassets; sourceTree = "<group>"; };
		A7EEC126A5992F85498AC572 /* AppViewModel.swift */ = {isa = PBXFileReference; lastKnownFileType = sourcecode.swift; path = AppViewModel.swift; sourceTree = "<group>"; };
		BFE6A3F160FDFB0A4D9A1C9C /* Theme.swift */ = {isa = PBXFileReference; lastKnownFileType = sourcecode.swift; path = Theme.swift; sourceTree = "<group>"; };
		CCCE475D181E553671608741 /* Models.swift */ = {isa = PBXFileReference; lastKnownFileType = sourcecode.swift; path = Models.swift; sourceTree = "<group>"; };
		FC147388B2C51BF6FE2BC85A /* LocalBackendService.swift */ = {isa = PBXFileReference; lastKnownFileType = sourcecode.swift; path = LocalBackendService.swift; sourceTree = "<group>"; };
		B2C3D4E5F60718293A4B5C6D /* ScheduleEngine.swift */ = {isa = PBXFileReference; lastKnownFileType = sourcecode.swift; path = ScheduleEngine.swift; sourceTree = "<group>"; };
		T0DAYPR3S3NT3R0000000002 /* TodayPresenter.swift */ = {isa = PBXFileReference; lastKnownFileType = sourcecode.swift; path = TodayPresenter.swift; sourceTree = "<group>"; };
		C4MPUSM0D3LS00000000002 /* CampusModels.swift */ = {isa = PBXFileReference; lastKnownFileType = sourcecode.swift; path = CampusModels.swift; sourceTree = "<group>"; };
		3V3NTSBU1LD3R0000000002 /* EventsBuilder.swift */ = {isa = PBXFileReference; lastKnownFileType = sourcecode.swift; path = EventsBuilder.swift; sourceTree = "<group>"; };
		4CT1V1TYM0D3B0000000002 /* ActivityModeBar.swift */ = {isa = PBXFileReference; lastKnownFileType = sourcecode.swift; path = ActivityModeBar.swift; sourceTree = "<group>"; };
		3V3NT5SH33T00000000002 /* EventsSheet.swift */ = {isa = PBXFileReference; lastKnownFileType = sourcecode.swift; path = EventsSheet.swift; sourceTree = "<group>"; };
		3V3NTD3T41L00000000002 /* EventDetailSheet.swift */ = {isa = PBXFileReference; lastKnownFileType = sourcecode.swift; path = EventDetailSheet.swift; sourceTree = "<group>"; };
		1NT3R3ST0NB00000000002 /* InterestsOnboardingView.swift */ = {isa = PBXFileReference; lastKnownFileType = sourcecode.swift; path = InterestsOnboardingView.swift; sourceTree = "<group>"; };
		C0NS3NTV13W000000000002 /* ConsentView.swift */ = {isa = PBXFileReference; lastKnownFileType = sourcecode.swift; path = ConsentView.swift; sourceTree = "<group>"; };
		C0URSH4SHS3RV1C000000002 /* CourseHashService.swift */ = {isa = PBXFileReference; lastKnownFileType = sourcecode.swift; path = CourseHashService.swift; sourceTree = "<group>"; };
		B3TW33N735TF001 /* BackendLogicTests.swift */ = {isa = PBXFileReference; lastKnownFileType = sourcecode.swift; path = BackendLogicTests.swift; sourceTree = "<group>"; };
		B3TW33N735TF002 /* SeedIntegrityTests.swift */ = {isa = PBXFileReference; lastKnownFileType = sourcecode.swift; path = SeedIntegrityTests.swift; sourceTree = "<group>"; };
		B3TW33N735TF003 /* LocalBackendServiceTests.swift */ = {isa = PBXFileReference; lastKnownFileType = sourcecode.swift; path = LocalBackendServiceTests.swift; sourceTree = "<group>"; };
		B3TW33N735TF004 /* TestFixtures.swift */ = {isa = PBXFileReference; lastKnownFileType = sourcecode.swift; path = TestFixtures.swift; sourceTree = "<group>"; };
		B3TW33N735TP001 /* BetweenTests.xctest */ = {isa = PBXFileReference; explicitFileType = wrapper.cfbundle; includeInIndex = 0; path = BetweenTests.xctest; sourceTree = BUILT_PRODUCTS_DIR; };
		F8091A2B3C4D5E6F708192A /* InfoTipButton.swift */ = {isa = PBXFileReference; lastKnownFileType = sourcecode.swift; path = InfoTipButton.swift; sourceTree = "<group>"; };
		3C4D5E6F708192A3B4C5D6E /* FriendSettingsSheet.swift */ = {isa = PBXFileReference; lastKnownFileType = sourcecode.swift; path = FriendSettingsSheet.swift; sourceTree = "<group>"; };
		5E6F708192A3B4C5D6E7F80 /* FriendPreferencesStore.swift */ = {isa = PBXFileReference; lastKnownFileType = sourcecode.swift; path = FriendPreferencesStore.swift; sourceTree = "<group>"; };
		708192A3B4C5D6E7F8091A2 /* BetweenBackendServicing.swift */ = {isa = PBXFileReference; lastKnownFileType = sourcecode.swift; path = BetweenBackendServicing.swift; sourceTree = "<group>"; };
		92A3B4C5D6E7F8091A2B3C4 /* BackendConfiguration.swift */ = {isa = PBXFileReference; lastKnownFileType = sourcecode.swift; path = BackendConfiguration.swift; sourceTree = "<group>"; };
		B4C5D6E7F8091A2B3C4D5E6 /* BackendServiceFactory.swift */ = {isa = PBXFileReference; lastKnownFileType = sourcecode.swift; path = BackendServiceFactory.swift; sourceTree = "<group>"; };
		D6E7F8091A2B3C4D5E6F7081 /* BetweenAPIClient.swift */ = {isa = PBXFileReference; lastKnownFileType = sourcecode.swift; path = BetweenAPIClient.swift; sourceTree = "<group>"; };
		F8091A2B3C4D5E6F708192B /* DashboardBuilder.swift */ = {isa = PBXFileReference; lastKnownFileType = sourcecode.swift; path = DashboardBuilder.swift; sourceTree = "<group>"; };
		1A2B3C4D5E6F708192A3B4D /* SeedDataLoader.swift */ = {isa = PBXFileReference; lastKnownFileType = sourcecode.swift; path = SeedDataLoader.swift; sourceTree = "<group>"; };
		3B4C5D6E7F8091A2B3C4D5F /* RemoteBackendService.swift */ = {isa = PBXFileReference; lastKnownFileType = sourcecode.swift; path = RemoteBackendService.swift; sourceTree = "<group>"; };
		FDF199F746A50225E095F90A /* ContentView.swift */ = {isa = PBXFileReference; lastKnownFileType = sourcecode.swift; path = ContentView.swift; sourceTree = "<group>"; };
		SCHEDPATTERNF001 /* SchedulePattern.swift */ = {isa = PBXFileReference; lastKnownFileType = sourcecode.swift; path = SchedulePattern.swift; sourceTree = "<group>"; };
		HOMEBRDCMPF001 /* HomeBoardComponents.swift */ = {isa = PBXFileReference; lastKnownFileType = sourcecode.swift; path = HomeBoardComponents.swift; sourceTree = "<group>"; };
		OVRLPTMLF001 /* OverlapTimelineModel.swift */ = {isa = PBXFileReference; lastKnownFileType = sourcecode.swift; path = OverlapTimelineModel.swift; sourceTree = "<group>"; };
		DAYOVRBRDF001 /* DayOverlapBoardView.swift */ = {isa = PBXFileReference; lastKnownFileType = sourcecode.swift; path = DayOverlapBoardView.swift; sourceTree = "<group>"; };
		INTTESTF001 /* IntegrationTests.swift */ = {isa = PBXFileReference; lastKnownFileType = sourcecode.swift; path = IntegrationTests.swift; sourceTree = "<group>"; };
/* End PBXFileReference section */

/* Begin PBXGroup section */
		0B4CC01BE6CFE3E556049F74 /* Services */ = {
			isa = PBXGroup;
			children = (
				708192A3B4C5D6E7F8091A2 /* BetweenBackendServicing.swift */,
				92A3B4C5D6E7F8091A2B3C4 /* BackendConfiguration.swift */,
				B4C5D6E7F8091A2B3C4D5E6 /* BackendServiceFactory.swift */,
				D6E7F8091A2B3C4D5E6F7081 /* BetweenAPIClient.swift */,
				F8091A2B3C4D5E6F708192B /* DashboardBuilder.swift */,
				1A2B3C4D5E6F708192A3B4D /* SeedDataLoader.swift */,
				FC147388B2C51BF6FE2BC85A /* LocalBackendService.swift */,
				3B4C5D6E7F8091A2B3C4D5F /* RemoteBackendService.swift */,
				B2C3D4E5F60718293A4B5C6D /* ScheduleEngine.swift */,
				T0DAYPR3S3NT3R0000000002 /* TodayPresenter.swift */,
				3V3NTSBU1LD3R0000000002 /* EventsBuilder.swift */,
				C0URSH4SHS3RV1C000000002 /* CourseHashService.swift */,
				OVRLPTMLF001 /* OverlapTimelineModel.swift */,
				5E6F708192A3B4C5D6E7F80 /* FriendPreferencesStore.swift */,
			);
			path = Services;
			sourceTree = "<group>";
		};
		1609F75150C20B7B2F9A1103 /* Views */ = {
			isa = PBXGroup;
			children = (
				VIEWSAUTH000000000001 /* Auth */,
				VIEWSCOMP000000000001 /* Components */,
				VIEWSEVNT000000000001 /* Events */,
				VIEWSFRND000000000001 /* Friends */,
				VIEWSSCHD000000000001 /* Schedule */,
				VIEWSTMLN000000000001 /* Timeline */,
			);
			path = Views;
			sourceTree = "<group>";
		};
		VIEWSAUTH000000000001 /* Auth */ = {
			isa = PBXGroup;
			children = (
				48660899B49583F7CBCA5515 /* AuthFlowView.swift */,
				C0NS3NTV13W000000000002 /* ConsentView.swift */,
			);
			path = Auth;
			sourceTree = "<group>";
		};
		VIEWSCOMP000000000001 /* Components */ = {
			isa = PBXGroup;
			children = (
				4CT1V1TYM0D3B0000000002 /* ActivityModeBar.swift */,
				F8091A2B3C4D5E6F708192A /* InfoTipButton.swift */,
			);
			path = Components;
			sourceTree = "<group>";
		};
		VIEWSEVNT000000000001 /* Events */ = {
			isa = PBXGroup;
			children = (
				3V3NTD3T41L00000000002 /* EventDetailSheet.swift */,
				3V3NT5SH33T00000000002 /* EventsSheet.swift */,
				1NT3R3ST0NB00000000002 /* InterestsOnboardingView.swift */,
			);
			path = Events;
			sourceTree = "<group>";
		};
		VIEWSFRND000000000001 /* Friends */ = {
			isa = PBXGroup;
			children = (
				CLASFR1END5HEET000000002 /* ClassFriendsSheet.swift */,
				3C4D5E6F708192A3B4C5D6E /* FriendSettingsSheet.swift */,
				N3TWORK5HEET000000000002 /* NetworkSheet.swift */,
				N0TIF1CAT10N000000000002 /* NotificationsSheet.swift */,
			);
			path = Friends;
			sourceTree = "<group>";
		};
		VIEWSSCHD000000000001 /* Schedule */ = {
			isa = PBXGroup;
			children = (
				C0URSEL00KUP000000000002 /* CourseLookupSheet.swift */,
				30A315A13B219DC4DC53B71E /* TodayView.swift */,
				HOMEBRDCMPF001 /* HomeBoardComponents.swift */,
			);
			path = Schedule;
			sourceTree = "<group>";
		};
		VIEWSTMLN000000000001 /* Timeline */ = {
			isa = PBXGroup;
			children = (
				DAYOVRBRDF001 /* DayOverlapBoardView.swift */,
			);
			path = Timeline;
			sourceTree = "<group>";
		};
		MODELSGROUP00000000001 /* Models */ = {
			isa = PBXGroup;
			children = (
				SCHEDPATTERNF001 /* SchedulePattern.swift */,
			);
			path = Models;
			sourceTree = "<group>";
		};
		37C7A7C0C888547F14BBD0DB = {
			isa = PBXGroup;
			children = (
				6AD6118A4FDEF1962E9A85F6 /* Between */,
				B3TW33N735TG001 /* BetweenTests */,
				EF30B7DFF9361F6BC80B39E6 /* Products */,
			);
			sourceTree = "<group>";
		};
		B3TW33N735TG001 /* BetweenTests */ = {
			isa = PBXGroup;
			children = (
				B3TW33N735TF001 /* BackendLogicTests.swift */,
				B3TW33N735TF002 /* SeedIntegrityTests.swift */,
				B3TW33N735TF003 /* LocalBackendServiceTests.swift */,
				B3TW33N735TF004 /* TestFixtures.swift */,
				INTTESTF001 /* IntegrationTests.swift */,
			);
			path = BetweenTests;
			sourceTree = "<group>";
		};
		6AD6118A4FDEF1962E9A85F6 /* Between */ = {
			isa = PBXGroup;
			children = (
				5A2D1926CA26D82F91AE16B6 /* BetweenApp.swift */,
				FDF199F746A50225E095F90A /* ContentView.swift */,
				CCCE475D181E553671608741 /* Models.swift */,
				MODELSGROUP00000000001 /* Models */,
				C4MPUSM0D3LS00000000002 /* CampusModels.swift */,
				BFE6A3F160FDFB0A4D9A1C9C /* Theme.swift */,
				B2D3E4F5061728394A5B6C7D /* Assets.xcassets */,
				D373AE391246A04481EC2279 /* Resources */,
				0B4CC01BE6CFE3E556049F74 /* Services */,
				BF3CE3D6EAB8868B3D55C517 /* ViewModels */,
				1609F75150C20B7B2F9A1103 /* Views */,
			);
			path = Between;
			sourceTree = "<group>";
		};
		BF3CE3D6EAB8868B3D55C517 /* ViewModels */ = {
			isa = PBXGroup;
			children = (
				A7EEC126A5992F85498AC572 /* AppViewModel.swift */,
			);
			path = ViewModels;
			sourceTree = "<group>";
		};
		D373AE391246A04481EC2279 /* Resources */ = {
			isa = PBXGroup;
			children = (
				A286433737770F501590882F /* seed_data.json */,
			);
			path = Resources;
			sourceTree = "<group>";
		};
		EF30B7DFF9361F6BC80B39E6 /* Products */ = {
			isa = PBXGroup;
			children = (
				5D949A1803F9BC9CC8CD7859 /* Between.app */,
				B3TW33N735TP001 /* BetweenTests.xctest */,
			);
			name = Products;
			sourceTree = "<group>";
		};
/* End PBXGroup section */

/* Begin PBXNativeTarget section */
		D574761EEF0B532CE50CDF53 /* Between */ = {
			isa = PBXNativeTarget;
			buildConfigurationList = 67D485A96C78291B600C8A14 /* Build configuration list for PBXNativeTarget "Between" */;
			buildPhases = (
				5BF13FB39F202913964B70EE /* Sources */,
				366264E1E0037E8B315188DF /* Resources */,
			);
			buildRules = (
			);
			dependencies = (
			);
			name = Between;
			packageProductDependencies = (
			);
			productName = Between;
			productReference = 5D949A1803F9BC9CC8CD7859 /* Between.app */;
			productType = "com.apple.product-type.application";
		};
		B3TW33N735TT001 /* BetweenTests */ = {
			isa = PBXNativeTarget;
			buildConfigurationList = B3TW33N735TC001 /* Build configuration list for PBXNativeTarget "BetweenTests" */;
			buildPhases = (
				B3TW33N735TS001 /* Sources */,
				B3TW33N735TFW001 /* Frameworks */,
			);
			buildRules = (
			);
			dependencies = (
				B3TW33N735TD001 /* PBXTargetDependency */,
			);
			name = BetweenTests;
			productName = BetweenTests;
			productReference = B3TW33N735TP001 /* BetweenTests.xctest */;
			productType = "com.apple.product-type.bundle.unit-test";
		};
/* End PBXNativeTarget section */

/* Begin PBXContainerItemProxy section */
		B3TW33N735TCP01 /* PBXContainerItemProxy */ = {
			isa = PBXContainerItemProxy;
			containerPortal = D099C79C8C8E7B2F92B16D45 /* Project object */;
			proxyType = 1;
			remoteGlobalIDString = D574761EEF0B532CE50CDF53;
			remoteInfo = Between;
		};
/* End PBXContainerItemProxy section */

/* Begin PBXTargetDependency section */
		B3TW33N735TD001 /* PBXTargetDependency */ = {
			isa = PBXTargetDependency;
			target = D574761EEF0B532CE50CDF53 /* Between */;
			targetProxy = B3TW33N735TCP01 /* PBXContainerItemProxy */;
		};
/* End PBXTargetDependency section */

/* Begin PBXProject section */
		D099C79C8C8E7B2F92B16D45 /* Project object */ = {
			isa = PBXProject;
			attributes = {
				BuildIndependentTargetsInParallel = YES;
				LastUpgradeCheck = 1430;
				TargetAttributes = {
					D574761EEF0B532CE50CDF53 = {
						DevelopmentTeam = "";
					};
					B3TW33N735TT001 = {
						TestTargetID = D574761EEF0B532CE50CDF53;
					};
				};
			};
			buildConfigurationList = 53BE6E791BEB1CDFA5CBDCA9 /* Build configuration list for PBXProject "Between" */;
			developmentRegion = en;
			hasScannedForEncodings = 0;
			knownRegions = (
				Base,
				en,
			);
			mainGroup = 37C7A7C0C888547F14BBD0DB;
			minimizedProjectReferenceProxies = 1;
			preferredProjectObjectVersion = 77;
			productRefGroup = EF30B7DFF9361F6BC80B39E6 /* Products */;
			projectDirPath = "";
			projectRoot = "";
			targets = (
				D574761EEF0B532CE50CDF53 /* Between */,
				B3TW33N735TT001 /* BetweenTests */,
			);
		};
/* End PBXProject section */

/* Begin PBXResourcesBuildPhase section */
		366264E1E0037E8B315188DF /* Resources */ = {
			isa = PBXResourcesBuildPhase;
			buildActionMask = 2147483647;
			files = (
				0B58D26883F30B10D4352217 /* seed_data.json in Resources */,
				A1C2D3E4F5061728394A5B6C /* Assets.xcassets in Resources */,
			);
			runOnlyForDeploymentPostprocessing = 0;
		};
/* End PBXResourcesBuildPhase section */

/* Begin PBXFrameworksBuildPhase section */
		B3TW33N735TFW001 /* Frameworks */ = {
			isa = PBXFrameworksBuildPhase;
			buildActionMask = 2147483647;
			files = (
			);
			runOnlyForDeploymentPostprocessing = 0;
		};
/* End PBXFrameworksBuildPhase section */

/* Begin PBXSourcesBuildPhase section */
		5BF13FB39F202913964B70EE /* Sources */ = {
			isa = PBXSourcesBuildPhase;
			buildActionMask = 2147483647;
			files = (
				47708D5EAB07F9FD8EF53BCF /* AppViewModel.swift in Sources */,
				CE64052987978BED734ADDDC /* BetweenApp.swift in Sources */,
				1B900367E8F16631978B210B /* ContentView.swift in Sources */,
				C9E64452F593A5E65C0038BE /* AuthFlowView.swift in Sources */,
				F5504C2BA4EAFD4F22DA571E /* TodayView.swift in Sources */,
				N3TWORK5HEET000000000001 /* NetworkSheet.swift in Sources */,
				N0TIF1CAT10N000000000001 /* NotificationsSheet.swift in Sources */,
				C0URSEL00KUP000000000001 /* CourseLookupSheet.swift in Sources */,
				CLASFR1END5HEET000000001 /* ClassFriendsSheet.swift in Sources */,
				36213467843795F1B9D3C50E /* LocalBackendService.swift in Sources */,
				B9127AFB0729CFFBFADF82E2 /* Models.swift in Sources */,
				A1B2C3D4E5F60718293A4B5C /* ScheduleEngine.swift in Sources */,
				T0DAYPR3S3NT3R0000000001 /* TodayPresenter.swift in Sources */,
				C4MPUSM0D3LS00000000001 /* CampusModels.swift in Sources */,
				3V3NTSBU1LD3R0000000001 /* EventsBuilder.swift in Sources */,
				C0URSH4SHS3RV1C000000001 /* CourseHashService.swift in Sources */,
				4CT1V1TYM0D3B0000000001 /* ActivityModeBar.swift in Sources */,
				3V3NT5SH33T00000000001 /* EventsSheet.swift in Sources */,
				3V3NTD3T41L00000000001 /* EventDetailSheet.swift in Sources */,
				1NT3R3ST0NB00000000001 /* InterestsOnboardingView.swift in Sources */,
				C0NS3NTV13W000000000001 /* ConsentView.swift in Sources */,
				20210B7736BF59A2B80BC25B /* Theme.swift in Sources */,
				E7F8091A2B3C4D5E6F70819 /* InfoTipButton.swift in Sources */,
				2B3C4D5E6F708192A3B4C5D /* FriendSettingsSheet.swift in Sources */,
				4D5E6F708192A3B4C5D6E7F /* FriendPreferencesStore.swift in Sources */,
				6F708192A3B4C5D6E7F8091 /* BetweenBackendServicing.swift in Sources */,
				8192A3B4C5D6E7F8091A2B3 /* BackendConfiguration.swift in Sources */,
				A3B4C5D6E7F8091A2B3C4D5 /* BackendServiceFactory.swift in Sources */,
				C5D6E7F8091A2B3C4D5E6F70 /* BetweenAPIClient.swift in Sources */,
				F8091A2B3C4D5E6F708192C /* DashboardBuilder.swift in Sources */,
				091A2B3C4D5E6F708192A3B /* SeedDataLoader.swift in Sources */,
				2A3B4C5D6E7F8091A2B3C4E /* RemoteBackendService.swift in Sources */,
				SCHEDPATTERNB001 /* SchedulePattern.swift in Sources */,
				HOMEBRDCMPB001 /* HomeBoardComponents.swift in Sources */,
				OVRLPTMLB001 /* OverlapTimelineModel.swift in Sources */,
				DAYOVRBRDB001 /* DayOverlapBoardView.swift in Sources */,
			);
			runOnlyForDeploymentPostprocessing = 0;
		};
		B3TW33N735TS001 /* Sources */ = {
			isa = PBXSourcesBuildPhase;
			buildActionMask = 2147483647;
			files = (
				B3TW33N735TB001 /* BackendLogicTests.swift in Sources */,
				B3TW33N735TB002 /* SeedIntegrityTests.swift in Sources */,
				B3TW33N735TB003 /* LocalBackendServiceTests.swift in Sources */,
				B3TW33N735TB004 /* TestFixtures.swift in Sources */,
				INTTESTB001 /* IntegrationTests.swift in Sources */,
			);
			runOnlyForDeploymentPostprocessing = 0;
		};
/* End PBXSourcesBuildPhase section */

/* Begin XCBuildConfiguration section */
		1DB48EBACF94F9F3CC998601 /* Release */ = {
			isa = XCBuildConfiguration;
			buildSettings = {
				ASSETCATALOG_COMPILER_APPICON_NAME = AppIcon;
				CODE_SIGN_STYLE = Automatic;
				DEVELOPMENT_TEAM = "";
				GENERATE_INFOPLIST_FILE = YES;
				INFOPLIST_KEY_CFBundleDisplayName = Between;
				INFOPLIST_KEY_UIApplicationSceneManifest_Generation = YES;
				INFOPLIST_KEY_UIApplicationSupportsIndirectInputEvents = YES;
				INFOPLIST_KEY_UILaunchScreen_Generation = YES;
				INFOPLIST_KEY_UISupportedInterfaceOrientations_iPhone = UIInterfaceOrientationPortrait;
				IPHONEOS_DEPLOYMENT_TARGET = 17.0;
				LD_RUNPATH_SEARCH_PATHS = (
					"$(inherited)",
					"@executable_path/Frameworks",
				);
				PRODUCT_BUNDLE_IDENTIFIER = com.alexhirsch.between;
				PRODUCT_NAME = Between;
				SDKROOT = iphoneos;
				SWIFT_VERSION = 5.0;
				TARGETED_DEVICE_FAMILY = "1,2";
			};
			name = Release;
		};
		2DF25FC6EC68C513C1FFD9DA /* Release */ = {
			isa = XCBuildConfiguration;
			buildSettings = {
				ALWAYS_SEARCH_USER_PATHS = NO;
				CLANG_ANALYZER_NONNULL = YES;
				CLANG_ANALYZER_NUMBER_OBJECT_CONVERSION = YES_AGGRESSIVE;
				CLANG_CXX_LANGUAGE_STANDARD = "gnu++14";
				CLANG_CXX_LIBRARY = "libc++";
				CLANG_ENABLE_MODULES = YES;
				CLANG_ENABLE_OBJC_ARC = YES;
				CLANG_ENABLE_OBJC_WEAK = YES;
				CLANG_WARN_BLOCK_CAPTURE_AUTORELEASING = YES;
				CLANG_WARN_BOOL_CONVERSION = YES;
				CLANG_WARN_COMMA = YES;
				CLANG_WARN_CONSTANT_CONVERSION = YES;
				CLANG_WARN_DEPRECATED_OBJC_IMPLEMENTATIONS = YES;
				CLANG_WARN_DIRECT_OBJC_ISA_USAGE = YES_ERROR;
				CLANG_WARN_DOCUMENTATION_COMMENTS = YES;
				CLANG_WARN_EMPTY_BODY = YES;
				CLANG_WARN_ENUM_CONVERSION = YES;
				CLANG_WARN_INFINITE_RECURSION = YES;
				CLANG_WARN_INT_CONVERSION = YES;
				CLANG_WARN_NON_LITERAL_NULL_CONVERSION = YES;
				CLANG_WARN_OBJC_IMPLICIT_RETAIN_SELF = YES;
				CLANG_WARN_OBJC_LITERAL_CONVERSION = YES;
				CLANG_WARN_OBJC_ROOT_CLASS = YES_ERROR;
				CLANG_WARN_QUOTED_INCLUDE_IN_FRAMEWORK_HEADER = YES;
				CLANG_WARN_RANGE_LOOP_ANALYSIS = YES;
				CLANG_WARN_STRICT_PROTOTYPES = YES;
				CLANG_WARN_SUSPICIOUS_MOVE = YES;
				CLANG_WARN_UNGUARDED_AVAILABILITY = YES_AGGRESSIVE;
				CLANG_WARN_UNREACHABLE_CODE = YES;
				CLANG_WARN__DUPLICATE_METHOD_MATCH = YES;
				COPY_PHASE_STRIP = NO;
				DEBUG_INFORMATION_FORMAT = "dwarf-with-dsym";
				ENABLE_NS_ASSERTIONS = NO;
				ENABLE_STRICT_OBJC_MSGSEND = YES;
				GCC_C_LANGUAGE_STANDARD = gnu11;
				GCC_NO_COMMON_BLOCKS = YES;
				GCC_WARN_64_TO_32_BIT_CONVERSION = YES;
				GCC_WARN_ABOUT_RETURN_TYPE = YES_ERROR;
				GCC_WARN_UNDECLARED_SELECTOR = YES;
				GCC_WARN_UNINITIALIZED_AUTOS = YES_AGGRESSIVE;
				GCC_WARN_UNUSED_FUNCTION = YES;
				GCC_WARN_UNUSED_VARIABLE = YES;
				IPHONEOS_DEPLOYMENT_TARGET = 17.0;
				MTL_ENABLE_DEBUG_INFO = NO;
				MTL_FAST_MATH = YES;
				PRODUCT_NAME = "$(TARGET_NAME)";
				SDKROOT = iphoneos;
				SWIFT_COMPILATION_MODE = wholemodule;
				SWIFT_OPTIMIZATION_LEVEL = "-O";
				SWIFT_VERSION = 5.0;
			};
			name = Release;
		};
		3278B709D740F94BC2D1FCB6 /* Debug */ = {
			isa = XCBuildConfiguration;
			buildSettings = {
				ALWAYS_SEARCH_USER_PATHS = NO;
				CLANG_ANALYZER_NONNULL = YES;
				CLANG_ANALYZER_NUMBER_OBJECT_CONVERSION = YES_AGGRESSIVE;
				CLANG_CXX_LANGUAGE_STANDARD = "gnu++14";
				CLANG_CXX_LIBRARY = "libc++";
				CLANG_ENABLE_MODULES = YES;
				CLANG_ENABLE_OBJC_ARC = YES;
				CLANG_ENABLE_OBJC_WEAK = YES;
				CLANG_WARN_BLOCK_CAPTURE_AUTORELEASING = YES;
				CLANG_WARN_BOOL_CONVERSION = YES;
				CLANG_WARN_COMMA = YES;
				CLANG_WARN_CONSTANT_CONVERSION = YES;
				CLANG_WARN_DEPRECATED_OBJC_IMPLEMENTATIONS = YES;
				CLANG_WARN_DIRECT_OBJC_ISA_USAGE = YES_ERROR;
				CLANG_WARN_DOCUMENTATION_COMMENTS = YES;
				CLANG_WARN_EMPTY_BODY = YES;
				CLANG_WARN_ENUM_CONVERSION = YES;
				CLANG_WARN_INFINITE_RECURSION = YES;
				CLANG_WARN_INT_CONVERSION = YES;
				CLANG_WARN_NON_LITERAL_NULL_CONVERSION = YES;
				CLANG_WARN_OBJC_IMPLICIT_RETAIN_SELF = YES;
				CLANG_WARN_OBJC_LITERAL_CONVERSION = YES;
				CLANG_WARN_OBJC_ROOT_CLASS = YES_ERROR;
				CLANG_WARN_QUOTED_INCLUDE_IN_FRAMEWORK_HEADER = YES;
				CLANG_WARN_RANGE_LOOP_ANALYSIS = YES;
				CLANG_WARN_STRICT_PROTOTYPES = YES;
				CLANG_WARN_SUSPICIOUS_MOVE = YES;
				CLANG_WARN_UNGUARDED_AVAILABILITY = YES_AGGRESSIVE;
				CLANG_WARN_UNREACHABLE_CODE = YES;
				CLANG_WARN__DUPLICATE_METHOD_MATCH = YES;
				COPY_PHASE_STRIP = NO;
				DEBUG_INFORMATION_FORMAT = dwarf;
				ENABLE_STRICT_OBJC_MSGSEND = YES;
				ENABLE_TESTABILITY = YES;
				GCC_C_LANGUAGE_STANDARD = gnu11;
				GCC_DYNAMIC_NO_PIC = NO;
				GCC_NO_COMMON_BLOCKS = YES;
				GCC_OPTIMIZATION_LEVEL = 0;
				GCC_PREPROCESSOR_DEFINITIONS = (
					"$(inherited)",
					"DEBUG=1",
				);
				GCC_WARN_64_TO_32_BIT_CONVERSION = YES;
				GCC_WARN_ABOUT_RETURN_TYPE = YES_ERROR;
				GCC_WARN_UNDECLARED_SELECTOR = YES;
				GCC_WARN_UNINITIALIZED_AUTOS = YES_AGGRESSIVE;
				GCC_WARN_UNUSED_FUNCTION = YES;
				GCC_WARN_UNUSED_VARIABLE = YES;
				IPHONEOS_DEPLOYMENT_TARGET = 17.0;
				MTL_ENABLE_DEBUG_INFO = INCLUDE_SOURCE;
				MTL_FAST_MATH = YES;
				ONLY_ACTIVE_ARCH = YES;
				PRODUCT_NAME = "$(TARGET_NAME)";
				SDKROOT = iphoneos;
				SWIFT_ACTIVE_COMPILATION_CONDITIONS = DEBUG;
				SWIFT_OPTIMIZATION_LEVEL = "-Onone";
				SWIFT_VERSION = 5.0;
			};
			name = Debug;
		};
		E9F7945E9EA68D06BA3DB071 /* Debug */ = {
			isa = XCBuildConfiguration;
			buildSettings = {
				ASSETCATALOG_COMPILER_APPICON_NAME = AppIcon;
				CODE_SIGN_STYLE = Automatic;
				DEVELOPMENT_TEAM = "";
				ENABLE_TESTABILITY = YES;
				GENERATE_INFOPLIST_FILE = YES;
				INFOPLIST_KEY_CFBundleDisplayName = Between;
				INFOPLIST_KEY_UIApplicationSceneManifest_Generation = YES;
				INFOPLIST_KEY_UIApplicationSupportsIndirectInputEvents = YES;
				INFOPLIST_KEY_UILaunchScreen_Generation = YES;
				INFOPLIST_KEY_UISupportedInterfaceOrientations_iPhone = UIInterfaceOrientationPortrait;
				IPHONEOS_DEPLOYMENT_TARGET = 17.0;
				LD_RUNPATH_SEARCH_PATHS = (
					"$(inherited)",
					"@executable_path/Frameworks",
				);
				PRODUCT_BUNDLE_IDENTIFIER = com.alexhirsch.between;
				PRODUCT_NAME = Between;
				SDKROOT = iphoneos;
				SWIFT_VERSION = 5.0;
				TARGETED_DEVICE_FAMILY = "1,2";
			};
			name = Debug;
		};
		B3TW33N735TCDBG /* Debug */ = {
			isa = XCBuildConfiguration;
			buildSettings = {
				BUNDLE_LOADER = "$(TEST_HOST)";
				CODE_SIGN_STYLE = Automatic;
				GENERATE_INFOPLIST_FILE = YES;
				IPHONEOS_DEPLOYMENT_TARGET = 17.0;
				LD_RUNPATH_SEARCH_PATHS = (
					"$(inherited)",
					"@executable_path/Frameworks",
					"@loader_path/Frameworks",
				);
				PRODUCT_BUNDLE_IDENTIFIER = com.alexhirsch.between.tests;
				PRODUCT_NAME = "$(TARGET_NAME)";
				SDKROOT = iphoneos;
				SWIFT_VERSION = 5.0;
				TARGETED_DEVICE_FAMILY = "1,2";
				TEST_HOST = "$(BUILT_PRODUCTS_DIR)/Between.app/$(BUNDLE_EXECUTABLE_FOLDER_PATH)/Between";
				ALLOW_TARGET_PLATFORM_SPECIALIZATION = YES;
			};
			name = Debug;
		};
		B3TW33N735TCREL /* Release */ = {
			isa = XCBuildConfiguration;
			buildSettings = {
				BUNDLE_LOADER = "$(TEST_HOST)";
				CODE_SIGN_STYLE = Automatic;
				GENERATE_INFOPLIST_FILE = YES;
				IPHONEOS_DEPLOYMENT_TARGET = 17.0;
				LD_RUNPATH_SEARCH_PATHS = (
					"$(inherited)",
					"@executable_path/Frameworks",
					"@loader_path/Frameworks",
				);
				PRODUCT_BUNDLE_IDENTIFIER = com.alexhirsch.between.tests;
				PRODUCT_NAME = "$(TARGET_NAME)";
				SDKROOT = iphoneos;
				SWIFT_VERSION = 5.0;
				TARGETED_DEVICE_FAMILY = "1,2";
				TEST_HOST = "$(BUILT_PRODUCTS_DIR)/Between.app/$(BUNDLE_EXECUTABLE_FOLDER_PATH)/Between";
			};
			name = Release;
		};
/* End XCBuildConfiguration section */

/* Begin XCConfigurationList section */
		53BE6E791BEB1CDFA5CBDCA9 /* Build configuration list for PBXProject "Between" */ = {
			isa = XCConfigurationList;
			buildConfigurations = (
				3278B709D740F94BC2D1FCB6 /* Debug */,
				2DF25FC6EC68C513C1FFD9DA /* Release */,
			);
			defaultConfigurationIsVisible = 0;
			defaultConfigurationName = Debug;
		};
		67D485A96C78291B600C8A14 /* Build configuration list for PBXNativeTarget "Between" */ = {
			isa = XCConfigurationList;
			buildConfigurations = (
				E9F7945E9EA68D06BA3DB071 /* Debug */,
				1DB48EBACF94F9F3CC998601 /* Release */,
			);
			defaultConfigurationIsVisible = 0;
			defaultConfigurationName = Debug;
		};
		B3TW33N735TC001 /* Build configuration list for PBXNativeTarget "BetweenTests" */ = {
			isa = XCConfigurationList;
			buildConfigurations = (
				B3TW33N735TCDBG /* Debug */,
				B3TW33N735TCREL /* Release */,
			);
			defaultConfigurationIsVisible = 0;
			defaultConfigurationName = Debug;
		};
/* End XCConfigurationList section */
	};
	rootObject = D099C79C8C8E7B2F92B16D45 /* Project object */;
}
